// !$*UTF8*$!
{
	archiveVersion = 1;
	classes = {
	};
	objectVersion = 55;
	objects = {

/* Begin PBXBuildFile section */
		A50CBE1C2AC2D63600A70FA5 /* AuthDataSource.swift in Sources */ = {isa = PBXBuildFile; fileRef = A50CBE1B2AC2D63600A70FA5 /* AuthDataSource.swift */; };
		A52022682ABCA0F500EB97A3 /* LoginViewModel.swift in Sources */ = {isa = PBXBuildFile; fileRef = A52022672ABCA0F500EB97A3 /* LoginViewModel.swift */; };
		A520226C2ABCA71700EB97A3 /* LoginUseCase.swift in Sources */ = {isa = PBXBuildFile; fileRef = A520226B2ABCA71700EB97A3 /* LoginUseCase.swift */; };
		A520226E2ABCAD5700EB97A3 /* AccountsViewController.swift in Sources */ = {isa = PBXBuildFile; fileRef = A520226D2ABCAD5700EB97A3 /* AccountsViewController.swift */; };
		A52022712ABCADB700EB97A3 /* AccountsViewModel.swift in Sources */ = {isa = PBXBuildFile; fileRef = A52022702ABCADB700EB97A3 /* AccountsViewModel.swift */; };
		A52022732ABCADDB00EB97A3 /* AccountViewController.swift in Sources */ = {isa = PBXBuildFile; fileRef = A52022722ABCADDB00EB97A3 /* AccountViewController.swift */; };
		A52022762ABCADF200EB97A3 /* AccountViewModel.swift in Sources */ = {isa = PBXBuildFile; fileRef = A52022752ABCADF200EB97A3 /* AccountViewModel.swift */; };
		A520227B2ABCDCC500EB97A3 /* LoginRepository.swift in Sources */ = {isa = PBXBuildFile; fileRef = A520227A2ABCDCC500EB97A3 /* LoginRepository.swift */; };
		A55D0FCF2AC0A411001AD3B1 /* LoginCoordinator.swift in Sources */ = {isa = PBXBuildFile; fileRef = A55D0FCE2AC0A411001AD3B1 /* LoginCoordinator.swift */; };
		A55D0FD22AC0A49D001AD3B1 /* AppCoordinator.swift in Sources */ = {isa = PBXBuildFile; fileRef = A55D0FD12AC0A49D001AD3B1 /* AppCoordinator.swift */; };
		A55D0FD42AC0A708001AD3B1 /* Coordinator.swift in Sources */ = {isa = PBXBuildFile; fileRef = A55D0FD32AC0A708001AD3B1 /* Coordinator.swift */; };
		A55D0FD62AC0A93B001AD3B1 /* SceneDelegate.swift in Sources */ = {isa = PBXBuildFile; fileRef = A55D0FD52AC0A93B001AD3B1 /* SceneDelegate.swift */; };
		A5B3FA762ABC4A2900D27B69 /* Networking in Resources */ = {isa = PBXBuildFile; fileRef = A5B3FA742ABC4A2800D27B69 /* Networking */; };
		A5B3FA772ABC4A2900D27B69 /* MBUI in Resources */ = {isa = PBXBuildFile; fileRef = A5B3FA752ABC4A2900D27B69 /* MBUI */; };
		A5B3FA7A2ABC4A3500D27B69 /* Networking in Frameworks */ = {isa = PBXBuildFile; productRef = A5B3FA792ABC4A3500D27B69 /* Networking */; };
		A5B3FA7C2ABC4A3500D27B69 /* MBUI in Frameworks */ = {isa = PBXBuildFile; productRef = A5B3FA7B2ABC4A3500D27B69 /* MBUI */; };
		A5C0C7052AC19F4600C7B26E /* KeychainManager.swift in Sources */ = {isa = PBXBuildFile; fileRef = A5C0C7042AC19F4600C7B26E /* KeychainManager.swift */; };
		A5C0C7072AC1E8F400C7B26E /* AccountsCoordinator.swift in Sources */ = {isa = PBXBuildFile; fileRef = A5C0C7062AC1E8F400C7B26E /* AccountsCoordinator.swift */; };
		A5C0C70B2AC1EDB100C7B26E /* AccountCoordinator.swift in Sources */ = {isa = PBXBuildFile; fileRef = A5C0C70A2AC1EDB100C7B26E /* AccountCoordinator.swift */; };
		A5C0C70D2AC1F56600C7B26E /* Account.swift in Sources */ = {isa = PBXBuildFile; fileRef = A5C0C70C2AC1F56600C7B26E /* Account.swift */; };
		A5C0C7112AC1F6C200C7B26E /* User.swift in Sources */ = {isa = PBXBuildFile; fileRef = A5C0C7102AC1F6C200C7B26E /* User.swift */; };
		A5C0C7152AC1F84900C7B26E /* AccountsUseCase.swift in Sources */ = {isa = PBXBuildFile; fileRef = A5C0C7142AC1F84900C7B26E /* AccountsUseCase.swift */; };
		A5C0C7182AC1FAA600C7B26E /* AccountsRepository.swift in Sources */ = {isa = PBXBuildFile; fileRef = A5C0C7172AC1FAA600C7B26E /* AccountsRepository.swift */; };
		A5C0C71B2AC2500200C7B26E /* AccountUseCase.swift in Sources */ = {isa = PBXBuildFile; fileRef = A5C0C71A2AC2500200C7B26E /* AccountUseCase.swift */; };
		A5C0C71F2AC2508700C7B26E /* AccountRepository.swift in Sources */ = {isa = PBXBuildFile; fileRef = A5C0C71E2AC2508700C7B26E /* AccountRepository.swift */; };
		B228EA6B2880B30B00B35F16 /* LoginViewController.swift in Sources */ = {isa = PBXBuildFile; fileRef = B228EA692880B30B00B35F16 /* LoginViewController.swift */; };
		B2CA46CC279350880041B3A5 /* AppDelegate.swift in Sources */ = {isa = PBXBuildFile; fileRef = B2CA46CB279350880041B3A5 /* AppDelegate.swift */; };
		B2CA46D52793508A0041B3A5 /* Assets.xcassets in Resources */ = {isa = PBXBuildFile; fileRef = B2CA46D42793508A0041B3A5 /* Assets.xcassets */; };
		B2CA46D82793508A0041B3A5 /* LaunchScreen.storyboard in Resources */ = {isa = PBXBuildFile; fileRef = B2CA46D62793508A0041B3A5 /* LaunchScreen.storyboard */; };
		B2CA47672794D69A0041B3A5 /* StubData.swift in Sources */ = {isa = PBXBuildFile; fileRef = B2CA47662794D69A0041B3A5 /* StubData.swift */; };
		B2CA47712794D8E50041B3A5 /* LoginSucceed.json in Resources */ = {isa = PBXBuildFile; fileRef = B2CA47692794D6D70041B3A5 /* LoginSucceed.json */; };
		B2CA47B42796052F0041B3A5 /* Accounts.json in Resources */ = {isa = PBXBuildFile; fileRef = B2CA47B2279604A10041B3A5 /* Accounts.json */; };
/* End PBXBuildFile section */

/* Begin PBXContainerItemProxy section */
		B2CA46DF2793508A0041B3A5 /* PBXContainerItemProxy */ = {
			isa = PBXContainerItemProxy;
			containerPortal = B2CA46C0279350880041B3A5 /* Project object */;
			proxyType = 1;
			remoteGlobalIDString = B2CA46C7279350880041B3A5;
			remoteInfo = MoneyBox;
		};
/* End PBXContainerItemProxy section */

/* Begin PBXFileReference section */
		A50CBE1B2AC2D63600A70FA5 /* AuthDataSource.swift */ = {isa = PBXFileReference; lastKnownFileType = sourcecode.swift; path = AuthDataSource.swift; sourceTree = "<group>"; };
		A52022672ABCA0F500EB97A3 /* LoginViewModel.swift */ = {isa = PBXFileReference; lastKnownFileType = sourcecode.swift; path = LoginViewModel.swift; sourceTree = "<group>"; };
		A520226B2ABCA71700EB97A3 /* LoginUseCase.swift */ = {isa = PBXFileReference; lastKnownFileType = sourcecode.swift; path = LoginUseCase.swift; sourceTree = "<group>"; };
		A520226D2ABCAD5700EB97A3 /* AccountsViewController.swift */ = {isa = PBXFileReference; lastKnownFileType = sourcecode.swift; path = AccountsViewController.swift; sourceTree = "<group>"; };
		A52022702ABCADB700EB97A3 /* AccountsViewModel.swift */ = {isa = PBXFileReference; lastKnownFileType = sourcecode.swift; path = AccountsViewModel.swift; sourceTree = "<group>"; };
		A52022722ABCADDB00EB97A3 /* AccountViewController.swift */ = {isa = PBXFileReference; lastKnownFileType = sourcecode.swift; path = AccountViewController.swift; sourceTree = "<group>"; };
		A52022752ABCADF200EB97A3 /* AccountViewModel.swift */ = {isa = PBXFileReference; lastKnownFileType = sourcecode.swift; path = AccountViewModel.swift; sourceTree = "<group>"; };
		A520227A2ABCDCC500EB97A3 /* LoginRepository.swift */ = {isa = PBXFileReference; lastKnownFileType = sourcecode.swift; path = LoginRepository.swift; sourceTree = "<group>"; };
		A55D0FCE2AC0A411001AD3B1 /* LoginCoordinator.swift */ = {isa = PBXFileReference; lastKnownFileType = sourcecode.swift; path = LoginCoordinator.swift; sourceTree = "<group>"; };
		A55D0FD12AC0A49D001AD3B1 /* AppCoordinator.swift */ = {isa = PBXFileReference; lastKnownFileType = sourcecode.swift; path = AppCoordinator.swift; sourceTree = "<group>"; };
		A55D0FD32AC0A708001AD3B1 /* Coordinator.swift */ = {isa = PBXFileReference; lastKnownFileType = sourcecode.swift; path = Coordinator.swift; sourceTree = "<group>"; };
		A55D0FD52AC0A93B001AD3B1 /* SceneDelegate.swift */ = {isa = PBXFileReference; lastKnownFileType = sourcecode.swift; path = SceneDelegate.swift; sourceTree = "<group>"; };
		A5B3FA742ABC4A2800D27B69 /* Networking */ = {isa = PBXFileReference; lastKnownFileType = wrapper; name = Networking; path = Packages/Networking; sourceTree = "<group>"; };
		A5B3FA752ABC4A2900D27B69 /* MBUI */ = {isa = PBXFileReference; lastKnownFileType = wrapper; name = MBUI; path = Packages/MBUI; sourceTree = "<group>"; };
		A5C0C7042AC19F4600C7B26E /* KeychainManager.swift */ = {isa = PBXFileReference; lastKnownFileType = sourcecode.swift; path = KeychainManager.swift; sourceTree = "<group>"; };
		A5C0C7062AC1E8F400C7B26E /* AccountsCoordinator.swift */ = {isa = PBXFileReference; lastKnownFileType = sourcecode.swift; path = AccountsCoordinator.swift; sourceTree = "<group>"; };
		A5C0C70A2AC1EDB100C7B26E /* AccountCoordinator.swift */ = {isa = PBXFileReference; lastKnownFileType = sourcecode.swift; path = AccountCoordinator.swift; sourceTree = "<group>"; };
		A5C0C70C2AC1F56600C7B26E /* Account.swift */ = {isa = PBXFileReference; lastKnownFileType = sourcecode.swift; path = Account.swift; sourceTree = "<group>"; };
		A5C0C7102AC1F6C200C7B26E /* User.swift */ = {isa = PBXFileReference; lastKnownFileType = sourcecode.swift; path = User.swift; sourceTree = "<group>"; };
		A5C0C7142AC1F84900C7B26E /* AccountsUseCase.swift */ = {isa = PBXFileReference; lastKnownFileType = sourcecode.swift; path = AccountsUseCase.swift; sourceTree = "<group>"; };
		A5C0C7172AC1FAA600C7B26E /* AccountsRepository.swift */ = {isa = PBXFileReference; lastKnownFileType = sourcecode.swift; path = AccountsRepository.swift; sourceTree = "<group>"; };
		A5C0C71A2AC2500200C7B26E /* AccountUseCase.swift */ = {isa = PBXFileReference; lastKnownFileType = sourcecode.swift; path = AccountUseCase.swift; sourceTree = "<group>"; };
		A5C0C71E2AC2508700C7B26E /* AccountRepository.swift */ = {isa = PBXFileReference; lastKnownFileType = sourcecode.swift; path = AccountRepository.swift; sourceTree = "<group>"; };
		B228EA692880B30B00B35F16 /* LoginViewController.swift */ = {isa = PBXFileReference; fileEncoding = 4; lastKnownFileType = sourcecode.swift; path = LoginViewController.swift; sourceTree = "<group>"; };
		B2CA46C8279350880041B3A5 /* MoneyBox.app */ = {isa = PBXFileReference; explicitFileType = wrapper.application; includeInIndex = 0; path = MoneyBox.app; sourceTree = BUILT_PRODUCTS_DIR; };
		B2CA46CB279350880041B3A5 /* AppDelegate.swift */ = {isa = PBXFileReference; lastKnownFileType = sourcecode.swift; path = AppDelegate.swift; sourceTree = "<group>"; };
		B2CA46D42793508A0041B3A5 /* Assets.xcassets */ = {isa = PBXFileReference; lastKnownFileType = folder.assetcatalog; path = Assets.xcassets; sourceTree = "<group>"; };
		B2CA46D72793508A0041B3A5 /* Base */ = {isa = PBXFileReference; lastKnownFileType = file.storyboard; name = Base; path = Base.lproj/LaunchScreen.storyboard; sourceTree = "<group>"; };
		B2CA46D92793508A0041B3A5 /* Info.plist */ = {isa = PBXFileReference; lastKnownFileType = text.plist.xml; path = Info.plist; sourceTree = "<group>"; };
		B2CA46DE2793508A0041B3A5 /* MoneyBoxTests.xctest */ = {isa = PBXFileReference; explicitFileType = wrapper.cfbundle; includeInIndex = 0; path = MoneyBoxTests.xctest; sourceTree = BUILT_PRODUCTS_DIR; };
		B2CA47662794D69A0041B3A5 /* StubData.swift */ = {isa = PBXFileReference; lastKnownFileType = sourcecode.swift; path = StubData.swift; sourceTree = "<group>"; };
		B2CA47692794D6D70041B3A5 /* LoginSucceed.json */ = {isa = PBXFileReference; lastKnownFileType = text.json; path = LoginSucceed.json; sourceTree = "<group>"; };
		B2CA47B2279604A10041B3A5 /* Accounts.json */ = {isa = PBXFileReference; lastKnownFileType = text.json; path = Accounts.json; sourceTree = "<group>"; };
/* End PBXFileReference section */

/* Begin PBXFrameworksBuildPhase section */
		B2CA46C5279350880041B3A5 /* Frameworks */ = {
			isa = PBXFrameworksBuildPhase;
			buildActionMask = 2147483647;
			files = (
				A5B3FA7A2ABC4A3500D27B69 /* Networking in Frameworks */,
				A5B3FA7C2ABC4A3500D27B69 /* MBUI in Frameworks */,
			);
			runOnlyForDeploymentPostprocessing = 0;
		};
		B2CA46DB2793508A0041B3A5 /* Frameworks */ = {
			isa = PBXFrameworksBuildPhase;
			buildActionMask = 2147483647;
			files = (
			);
			runOnlyForDeploymentPostprocessing = 0;
		};
/* End PBXFrameworksBuildPhase section */

/* Begin PBXGroup section */
		A50CBE1D2AC2D64B00A70FA5 /* Storage */ = {
			isa = PBXGroup;
			children = (
				A5C0C7042AC19F4600C7B26E /* KeychainManager.swift */,
			);
			path = Storage;
			sourceTree = "<group>";
		};
		A52022692ABCA12200EB97A3 /* Presentation */ = {
			isa = PBXGroup;
			children = (
				A55D0FCE2AC0A411001AD3B1 /* LoginCoordinator.swift */,
				A52022672ABCA0F500EB97A3 /* LoginViewModel.swift */,
				B228EA692880B30B00B35F16 /* LoginViewController.swift */,
			);
			path = Presentation;
			sourceTree = "<group>";
		};
		A520226F2ABCAD6700EB97A3 /* Accounts */ = {
			isa = PBXGroup;
			children = (
				A5C0C7192AC1FAA900C7B26E /* Data */,
				A5C0C70F2AC1F58300C7B26E /* Domain */,
				A5C0C7082AC1E8FD00C7B26E /* Presentation */,
			);
			path = Accounts;
			sourceTree = "<group>";
		};
		A52022742ABCADE100EB97A3 /* Account */ = {
			isa = PBXGroup;
			children = (
				A5C0C7202AC2508C00C7B26E /* Data */,
				A5C0C71C2AC2500500C7B26E /* Domain */,
				A5C0C7092AC1EDA100C7B26E /* Presentation */,
			);
			path = Account;
			sourceTree = "<group>";
		};
		A52022792ABCDC4600EB97A3 /* Domain */ = {
			isa = PBXGroup;
			children = (
				A5C0C7122AC1F6CA00C7B26E /* Entities */,
				A5C0C7132AC1F6D100C7B26E /* UseCases */,
			);
			path = Domain;
			sourceTree = "<group>";
		};
		A520227C2ABCDCCA00EB97A3 /* Data */ = {
			isa = PBXGroup;
			children = (
				A520227A2ABCDCC500EB97A3 /* LoginRepository.swift */,
				A50CBE1B2AC2D63600A70FA5 /* AuthDataSource.swift */,
				A50CBE1D2AC2D64B00A70FA5 /* Storage */,
			);
			path = Data;
			sourceTree = "<group>";
		};
		A520227D2ABCDCE800EB97A3 /* Features */ = {
			isa = PBXGroup;
			children = (
				A52022742ABCADE100EB97A3 /* Account */,
				A520226F2ABCAD6700EB97A3 /* Accounts */,
				A5B3FA7D2ABC4A4600D27B69 /* Login */,
				A55D0FD02AC0A485001AD3B1 /* Root */,
			);
			path = Features;
			sourceTree = "<group>";
		};
		A55D0FD02AC0A485001AD3B1 /* Root */ = {
			isa = PBXGroup;
			children = (
				A55D0FD32AC0A708001AD3B1 /* Coordinator.swift */,
				A55D0FD12AC0A49D001AD3B1 /* AppCoordinator.swift */,
				A55D0FD52AC0A93B001AD3B1 /* SceneDelegate.swift */,
				B2CA46CB279350880041B3A5 /* AppDelegate.swift */,
			);
			path = Root;
			sourceTree = "<group>";
		};
		A5B3FA782ABC4A3500D27B69 /* Frameworks */ = {
			isa = PBXGroup;
			children = (
			);
			name = Frameworks;
			sourceTree = "<group>";
		};
		A5B3FA7D2ABC4A4600D27B69 /* Login */ = {
			isa = PBXGroup;
			children = (
				A520227C2ABCDCCA00EB97A3 /* Data */,
				A52022792ABCDC4600EB97A3 /* Domain */,
				A52022692ABCA12200EB97A3 /* Presentation */,
			);
			path = Login;
			sourceTree = "<group>";
		};
		A5C0C7082AC1E8FD00C7B26E /* Presentation */ = {
			isa = PBXGroup;
			children = (
				A5C0C7062AC1E8F400C7B26E /* AccountsCoordinator.swift */,
				A52022702ABCADB700EB97A3 /* AccountsViewModel.swift */,
				A520226D2ABCAD5700EB97A3 /* AccountsViewController.swift */,
			);
			path = Presentation;
			sourceTree = "<group>";
		};
		A5C0C7092AC1EDA100C7B26E /* Presentation */ = {
			isa = PBXGroup;
			children = (
				A5C0C70A2AC1EDB100C7B26E /* AccountCoordinator.swift */,
				A52022752ABCADF200EB97A3 /* AccountViewModel.swift */,
				A52022722ABCADDB00EB97A3 /* AccountViewController.swift */,
			);
			path = Presentation;
			sourceTree = "<group>";
		};
		A5C0C70E2AC1F57700C7B26E /* Entities */ = {
			isa = PBXGroup;
			children = (
				A5C0C70C2AC1F56600C7B26E /* Account.swift */,
			);
			path = Entities;
			sourceTree = "<group>";
		};
		A5C0C70F2AC1F58300C7B26E /* Domain */ = {
			isa = PBXGroup;
			children = (
				A5C0C70E2AC1F57700C7B26E /* Entities */,
				A5C0C7162AC1F84C00C7B26E /* UseCases */,
			);
			path = Domain;
			sourceTree = "<group>";
		};
		A5C0C7122AC1F6CA00C7B26E /* Entities */ = {
			isa = PBXGroup;
			children = (
				A5C0C7102AC1F6C200C7B26E /* User.swift */,
			);
			path = Entities;
			sourceTree = "<group>";
		};
		A5C0C7132AC1F6D100C7B26E /* UseCases */ = {
			isa = PBXGroup;
			children = (
				A520226B2ABCA71700EB97A3 /* LoginUseCase.swift */,
			);
			path = UseCases;
			sourceTree = "<group>";
		};
		A5C0C7162AC1F84C00C7B26E /* UseCases */ = {
			isa = PBXGroup;
			children = (
				A5C0C7142AC1F84900C7B26E /* AccountsUseCase.swift */,
			);
			path = UseCases;
			sourceTree = "<group>";
		};
		A5C0C7192AC1FAA900C7B26E /* Data */ = {
			isa = PBXGroup;
			children = (
				A5C0C7172AC1FAA600C7B26E /* AccountsRepository.swift */,
			);
			path = Data;
			sourceTree = "<group>";
		};
		A5C0C71C2AC2500500C7B26E /* Domain */ = {
			isa = PBXGroup;
			children = (
				A5C0C71D2AC2501200C7B26E /* UseCases */,
			);
			path = Domain;
			sourceTree = "<group>";
		};
		A5C0C71D2AC2501200C7B26E /* UseCases */ = {
			isa = PBXGroup;
			children = (
				A5C0C71A2AC2500200C7B26E /* AccountUseCase.swift */,
			);
			path = UseCases;
			sourceTree = "<group>";
		};
		A5C0C7202AC2508C00C7B26E /* Data */ = {
			isa = PBXGroup;
			children = (
				A5C0C71E2AC2508700C7B26E /* AccountRepository.swift */,
			);
			path = Data;
			sourceTree = "<group>";
		};
		B2CA46BF279350880041B3A5 = {
			isa = PBXGroup;
			children = (
				B2DEEA31288818470030A8F2 /* Packages */,
				B2CA46CA279350880041B3A5 /* MoneyBox */,
				B2CA46E12793508A0041B3A5 /* MoneyBoxTests */,
				B2CA46C9279350880041B3A5 /* Products */,
				A5B3FA782ABC4A3500D27B69 /* Frameworks */,
			);
			sourceTree = "<group>";
		};
		B2CA46C9279350880041B3A5 /* Products */ = {
			isa = PBXGroup;
			children = (
				B2CA46C8279350880041B3A5 /* MoneyBox.app */,
				B2CA46DE2793508A0041B3A5 /* MoneyBoxTests.xctest */,
			);
			name = Products;
			sourceTree = "<group>";
		};
		B2CA46CA279350880041B3A5 /* MoneyBox */ = {
			isa = PBXGroup;
			children = (
				A520227D2ABCDCE800EB97A3 /* Features */,
				B2CA46D42793508A0041B3A5 /* Assets.xcassets */,
				B2CA46D62793508A0041B3A5 /* LaunchScreen.storyboard */,
				B2CA46D92793508A0041B3A5 /* Info.plist */,
			);
			path = MoneyBox;
			sourceTree = "<group>";
		};
		B2CA46E12793508A0041B3A5 /* MoneyBoxTests */ = {
			isa = PBXGroup;
			children = (
				B2CA47662794D69A0041B3A5 /* StubData.swift */,
				B2CA47682794D6AC0041B3A5 /* ResponseJsons */,
			);
			path = MoneyBoxTests;
			sourceTree = "<group>";
		};
		B2CA47682794D6AC0041B3A5 /* ResponseJsons */ = {
			isa = PBXGroup;
			children = (
				B2CA47692794D6D70041B3A5 /* LoginSucceed.json */,
				B2CA47B2279604A10041B3A5 /* Accounts.json */,
			);
			path = ResponseJsons;
			sourceTree = "<group>";
		};
		B2DEEA31288818470030A8F2 /* Packages */ = {
			isa = PBXGroup;
			children = (
				A5B3FA752ABC4A2900D27B69 /* MBUI */,
				A5B3FA742ABC4A2800D27B69 /* Networking */,
			);
			name = Packages;
			sourceTree = "<group>";
		};
/* End PBXGroup section */

/* Begin PBXNativeTarget section */
		B2CA46C7279350880041B3A5 /* MoneyBox */ = {
			isa = PBXNativeTarget;
			buildConfigurationList = B2CA46F22793508A0041B3A5 /* Build configuration list for PBXNativeTarget "MoneyBox" */;
			buildPhases = (
				B2CA46C4279350880041B3A5 /* Sources */,
				B2CA46C5279350880041B3A5 /* Frameworks */,
				B2CA46C6279350880041B3A5 /* Resources */,
			);
			buildRules = (
			);
			dependencies = (
			);
			name = MoneyBox;
			packageProductDependencies = (
				A5B3FA792ABC4A3500D27B69 /* Networking */,
				A5B3FA7B2ABC4A3500D27B69 /* MBUI */,
			);
			productName = MoneyBox;
			productReference = B2CA46C8279350880041B3A5 /* MoneyBox.app */;
			productType = "com.apple.product-type.application";
		};
		B2CA46DD2793508A0041B3A5 /* MoneyBoxTests */ = {
			isa = PBXNativeTarget;
			buildConfigurationList = B2CA46F52793508A0041B3A5 /* Build configuration list for PBXNativeTarget "MoneyBoxTests" */;
			buildPhases = (
				B2CA46DA2793508A0041B3A5 /* Sources */,
				B2CA46DB2793508A0041B3A5 /* Frameworks */,
				B2CA46DC2793508A0041B3A5 /* Resources */,
			);
			buildRules = (
			);
			dependencies = (
				B2CA46E02793508A0041B3A5 /* PBXTargetDependency */,
			);
			name = MoneyBoxTests;
			productName = MoneyBoxTests;
			productReference = B2CA46DE2793508A0041B3A5 /* MoneyBoxTests.xctest */;
			productType = "com.apple.product-type.bundle.unit-test";
		};
/* End PBXNativeTarget section */

/* Begin PBXProject section */
		B2CA46C0279350880041B3A5 /* Project object */ = {
			isa = PBXProject;
			attributes = {
				BuildIndependentTargetsInParallel = 1;
				LastSwiftUpdateCheck = 1320;
				LastUpgradeCheck = 1500;
				TargetAttributes = {
					B2CA46C7279350880041B3A5 = {
						CreatedOnToolsVersion = 13.2.1;
					};
					B2CA46DD2793508A0041B3A5 = {
						CreatedOnToolsVersion = 13.2.1;
						TestTargetID = B2CA46C7279350880041B3A5;
					};
				};
			};
			buildConfigurationList = B2CA46C3279350880041B3A5 /* Build configuration list for PBXProject "MoneyBox" */;
			compatibilityVersion = "Xcode 13.0";
			developmentRegion = en;
			hasScannedForEncodings = 0;
			knownRegions = (
				en,
				Base,
			);
			mainGroup = B2CA46BF279350880041B3A5;
			packageReferences = (
			);
			productRefGroup = B2CA46C9279350880041B3A5 /* Products */;
			projectDirPath = "";
			projectRoot = "";
			targets = (
				B2CA46C7279350880041B3A5 /* MoneyBox */,
				B2CA46DD2793508A0041B3A5 /* MoneyBoxTests */,
			);
		};
/* End PBXProject section */

/* Begin PBXResourcesBuildPhase section */
		B2CA46C6279350880041B3A5 /* Resources */ = {
			isa = PBXResourcesBuildPhase;
			buildActionMask = 2147483647;
			files = (
				A5B3FA762ABC4A2900D27B69 /* Networking in Resources */,
				A5B3FA772ABC4A2900D27B69 /* MBUI in Resources */,
				B2CA46D82793508A0041B3A5 /* LaunchScreen.storyboard in Resources */,
				B2CA47712794D8E50041B3A5 /* LoginSucceed.json in Resources */,
				B2CA46D52793508A0041B3A5 /* Assets.xcassets in Resources */,
				B2CA47B42796052F0041B3A5 /* Accounts.json in Resources */,
			);
			runOnlyForDeploymentPostprocessing = 0;
		};
		B2CA46DC2793508A0041B3A5 /* Resources */ = {
			isa = PBXResourcesBuildPhase;
			buildActionMask = 2147483647;
			files = (
			);
			runOnlyForDeploymentPostprocessing = 0;
		};
/* End PBXResourcesBuildPhase section */

/* Begin PBXSourcesBuildPhase section */
		B2CA46C4279350880041B3A5 /* Sources */ = {
			isa = PBXSourcesBuildPhase;
			buildActionMask = 2147483647;
			files = (
				A55D0FD22AC0A49D001AD3B1 /* AppCoordinator.swift in Sources */,
				B2CA46CC279350880041B3A5 /* AppDelegate.swift in Sources */,
				B228EA6B2880B30B00B35F16 /* LoginViewController.swift in Sources */,
				A55D0FCF2AC0A411001AD3B1 /* LoginCoordinator.swift in Sources */,
				A5C0C70B2AC1EDB100C7B26E /* AccountCoordinator.swift in Sources */,
				A52022762ABCADF200EB97A3 /* AccountViewModel.swift in Sources */,
				A52022732ABCADDB00EB97A3 /* AccountViewController.swift in Sources */,
				A5C0C7152AC1F84900C7B26E /* AccountsUseCase.swift in Sources */,
				A520227B2ABCDCC500EB97A3 /* LoginRepository.swift in Sources */,
				A5C0C7182AC1FAA600C7B26E /* AccountsRepository.swift in Sources */,
				A520226E2ABCAD5700EB97A3 /* AccountsViewController.swift in Sources */,
				A55D0FD62AC0A93B001AD3B1 /* SceneDelegate.swift in Sources */,
				A55D0FD42AC0A708001AD3B1 /* Coordinator.swift in Sources */,
				A5C0C70D2AC1F56600C7B26E /* Account.swift in Sources */,
				A5C0C71B2AC2500200C7B26E /* AccountUseCase.swift in Sources */,
				A50CBE1C2AC2D63600A70FA5 /* AuthDataSource.swift in Sources */,
				A52022682ABCA0F500EB97A3 /* LoginViewModel.swift in Sources */,
				A5C0C7112AC1F6C200C7B26E /* User.swift in Sources */,
				A52022712ABCADB700EB97A3 /* AccountsViewModel.swift in Sources */,
				A520226C2ABCA71700EB97A3 /* LoginUseCase.swift in Sources */,
				A5C0C71F2AC2508700C7B26E /* AccountRepository.swift in Sources */,
				A5C0C7072AC1E8F400C7B26E /* AccountsCoordinator.swift in Sources */,
				A5C0C7052AC19F4600C7B26E /* KeychainManager.swift in Sources */,
			);
			runOnlyForDeploymentPostprocessing = 0;
		};
		B2CA46DA2793508A0041B3A5 /* Sources */ = {
			isa = PBXSourcesBuildPhase;
			buildActionMask = 2147483647;
			files = (
				B2CA47672794D69A0041B3A5 /* StubData.swift in Sources */,
			);
			runOnlyForDeploymentPostprocessing = 0;
		};
/* End PBXSourcesBuildPhase section */

/* Begin PBXTargetDependency section */
		B2CA46E02793508A0041B3A5 /* PBXTargetDependency */ = {
			isa = PBXTargetDependency;
			target = B2CA46C7279350880041B3A5 /* MoneyBox */;
			targetProxy = B2CA46DF2793508A0041B3A5 /* PBXContainerItemProxy */;
		};
/* End PBXTargetDependency section */

/* Begin PBXVariantGroup section */
		B2CA46D62793508A0041B3A5 /* LaunchScreen.storyboard */ = {
			isa = PBXVariantGroup;
			children = (
				B2CA46D72793508A0041B3A5 /* Base */,
			);
			name = LaunchScreen.storyboard;
			sourceTree = "<group>";
		};
/* End PBXVariantGroup section */

/* Begin XCBuildConfiguration section */
		B2CA46F02793508A0041B3A5 /* Debug */ = {
			isa = XCBuildConfiguration;
			buildSettings = {
				ALWAYS_SEARCH_USER_PATHS = NO;
				CLANG_ANALYZER_NONNULL = YES;
				CLANG_ANALYZER_NUMBER_OBJECT_CONVERSION = YES_AGGRESSIVE;
				CLANG_CXX_LANGUAGE_STANDARD = "gnu++17";
				CLANG_CXX_LIBRARY = "libc++";
				CLANG_ENABLE_MODULES = YES;
				CLANG_ENABLE_OBJC_ARC = YES;
				CLANG_ENABLE_OBJC_WEAK = YES;
				CLANG_WARN_BLOCK_CAPTURE_AUTORELEASING = YES;
				CLANG_WARN_BOOL_CONVERSION = YES;
				CLANG_WARN_COMMA = YES;
				CLANG_WARN_CONSTANT_CONVERSION = YES;
				CLANG_WARN_DEPRECATED_OBJC_IMPLEMENTATIONS = YES;
				CLANG_WARN_DIRECT_OBJC_ISA_USAGE = YES_ERROR;
				CLANG_WARN_DOCUMENTATION_COMMENTS = YES;
				CLANG_WARN_EMPTY_BODY = YES;
				CLANG_WARN_ENUM_CONVERSION = YES;
				CLANG_WARN_INFINITE_RECURSION = YES;
				CLANG_WARN_INT_CONVERSION = YES;
				CLANG_WARN_NON_LITERAL_NULL_CONVERSION = YES;
				CLANG_WARN_OBJC_IMPLICIT_RETAIN_SELF = YES;
				CLANG_WARN_OBJC_LITERAL_CONVERSION = YES;
				CLANG_WARN_OBJC_ROOT_CLASS = YES_ERROR;
				CLANG_WARN_QUOTED_INCLUDE_IN_FRAMEWORK_HEADER = YES;
				CLANG_WARN_RANGE_LOOP_ANALYSIS = YES;
				CLANG_WARN_STRICT_PROTOTYPES = YES;
				CLANG_WARN_SUSPICIOUS_MOVE = YES;
				CLANG_WARN_UNGUARDED_AVAILABILITY = YES_AGGRESSIVE;
				CLANG_WARN_UNREACHABLE_CODE = YES;
				CLANG_WARN__DUPLICATE_METHOD_MATCH = YES;
				COPY_PHASE_STRIP = NO;
				DEBUG_INFORMATION_FORMAT = dwarf;
				ENABLE_STRICT_OBJC_MSGSEND = YES;
				ENABLE_TESTABILITY = YES;
				ENABLE_USER_SCRIPT_SANDBOXING = YES;
				GCC_C_LANGUAGE_STANDARD = gnu11;
				GCC_DYNAMIC_NO_PIC = NO;
				GCC_NO_COMMON_BLOCKS = YES;
				GCC_OPTIMIZATION_LEVEL = 0;
				GCC_PREPROCESSOR_DEFINITIONS = (
					"DEBUG=1",
					"$(inherited)",
				);
				GCC_WARN_64_TO_32_BIT_CONVERSION = YES;
				GCC_WARN_ABOUT_RETURN_TYPE = YES_ERROR;
				GCC_WARN_UNDECLARED_SELECTOR = YES;
				GCC_WARN_UNINITIALIZED_AUTOS = YES_AGGRESSIVE;
				GCC_WARN_UNUSED_FUNCTION = YES;
				GCC_WARN_UNUSED_VARIABLE = YES;
				IPHONEOS_DEPLOYMENT_TARGET = 12.0;
				MTL_ENABLE_DEBUG_INFO = INCLUDE_SOURCE;
				MTL_FAST_MATH = YES;
				ONLY_ACTIVE_ARCH = YES;
				SDKROOT = iphoneos;
				SWIFT_ACTIVE_COMPILATION_CONDITIONS = DEBUG;
				SWIFT_OPTIMIZATION_LEVEL = "-Onone";
			};
			name = Debug;
		};
		B2CA46F12793508A0041B3A5 /* Release */ = {
			isa = XCBuildConfiguration;
			buildSettings = {
				ALWAYS_SEARCH_USER_PATHS = NO;
				CLANG_ANALYZER_NONNULL = YES;
				CLANG_ANALYZER_NUMBER_OBJECT_CONVERSION = YES_AGGRESSIVE;
				CLANG_CXX_LANGUAGE_STANDARD = "gnu++17";
				CLANG_CXX_LIBRARY = "libc++";
				CLANG_ENABLE_MODULES = YES;
				CLANG_ENABLE_OBJC_ARC = YES;
				CLANG_ENABLE_OBJC_WEAK = YES;
				CLANG_WARN_BLOCK_CAPTURE_AUTORELEASING = YES;
				CLANG_WARN_BOOL_CONVERSION = YES;
				CLANG_WARN_COMMA = YES;
				CLANG_WARN_CONSTANT_CONVERSION = YES;
				CLANG_WARN_DEPRECATED_OBJC_IMPLEMENTATIONS = YES;
				CLANG_WARN_DIRECT_OBJC_ISA_USAGE = YES_ERROR;
				CLANG_WARN_DOCUMENTATION_COMMENTS = YES;
				CLANG_WARN_EMPTY_BODY = YES;
				CLANG_WARN_ENUM_CONVERSION = YES;
				CLANG_WARN_INFINITE_RECURSION = YES;
				CLANG_WARN_INT_CONVERSION = YES;
				CLANG_WARN_NON_LITERAL_NULL_CONVERSION = YES;
				CLANG_WARN_OBJC_IMPLICIT_RETAIN_SELF = YES;
				CLANG_WARN_OBJC_LITERAL_CONVERSION = YES;
				CLANG_WARN_OBJC_ROOT_CLASS = YES_ERROR;
				CLANG_WARN_QUOTED_INCLUDE_IN_FRAMEWORK_HEADER = YES;
				CLANG_WARN_RANGE_LOOP_ANALYSIS = YES;
				CLANG_WARN_STRICT_PROTOTYPES = YES;
				CLANG_WARN_SUSPICIOUS_MOVE = YES;
				CLANG_WARN_UNGUARDED_AVAILABILITY = YES_AGGRESSIVE;
				CLANG_WARN_UNREACHABLE_CODE = YES;
				CLANG_WARN__DUPLICATE_METHOD_MATCH = YES;
				COPY_PHASE_STRIP = NO;
				DEBUG_INFORMATION_FORMAT = "dwarf-with-dsym";
				ENABLE_NS_ASSERTIONS = NO;
				ENABLE_STRICT_OBJC_MSGSEND = YES;
				ENABLE_USER_SCRIPT_SANDBOXING = YES;
				GCC_C_LANGUAGE_STANDARD = gnu11;
				GCC_NO_COMMON_BLOCKS = YES;
				GCC_WARN_64_TO_32_BIT_CONVERSION = YES;
				GCC_WARN_ABOUT_RETURN_TYPE = YES_ERROR;
				GCC_WARN_UNDECLARED_SELECTOR = YES;
				GCC_WARN_UNINITIALIZED_AUTOS = YES_AGGRESSIVE;
				GCC_WARN_UNUSED_FUNCTION = YES;
				GCC_WARN_UNUSED_VARIABLE = YES;
				IPHONEOS_DEPLOYMENT_TARGET = 12.0;
				MTL_ENABLE_DEBUG_INFO = NO;
				MTL_FAST_MATH = YES;
				SDKROOT = iphoneos;
				SWIFT_COMPILATION_MODE = wholemodule;
				SWIFT_OPTIMIZATION_LEVEL = "-O";
				VALIDATE_PRODUCT = YES;
			};
			name = Release;
		};
		B2CA46F32793508A0041B3A5 /* Debug */ = {
			isa = XCBuildConfiguration;
			buildSettings = {
				ASSETCATALOG_COMPILER_APPICON_NAME = AppIcon;
				ASSETCATALOG_COMPILER_GLOBAL_ACCENT_COLOR_NAME = AccentColor;
				CODE_SIGN_STYLE = Automatic;
				CURRENT_PROJECT_VERSION = 1;
				DEVELOPMENT_TEAM = 7DM2UT7C8G;
				GENERATE_INFOPLIST_FILE = YES;
				INFOPLIST_FILE = MoneyBox/Info.plist;
				INFOPLIST_KEY_UIApplicationSupportsIndirectInputEvents = YES;
				INFOPLIST_KEY_UILaunchStoryboardName = LaunchScreen;
				INFOPLIST_KEY_UIMainStoryboardFile = "";
				INFOPLIST_KEY_UISupportedInterfaceOrientations_iPad = "UIInterfaceOrientationPortrait UIInterfaceOrientationPortraitUpsideDown UIInterfaceOrientationLandscapeLeft UIInterfaceOrientationLandscapeRight";
				INFOPLIST_KEY_UISupportedInterfaceOrientations_iPhone = "UIInterfaceOrientationPortrait UIInterfaceOrientationLandscapeLeft UIInterfaceOrientationLandscapeRight";
				IPHONEOS_DEPLOYMENT_TARGET = 13.0;
				LD_RUNPATH_SEARCH_PATHS = (
					"$(inherited)",
					"@executable_path/Frameworks",
				);
				MARKETING_VERSION = 1.0;
				PRODUCT_BUNDLE_IDENTIFIER = moneybox;
				PRODUCT_NAME = "$(TARGET_NAME)";
				SWIFT_EMIT_LOC_STRINGS = YES;
				SWIFT_VERSION = 5.0;
				TARGETED_DEVICE_FAMILY = 1;
			};
			name = Debug;
		};
		B2CA46F42793508A0041B3A5 /* Release */ = {
			isa = XCBuildConfiguration;
			buildSettings = {
				ASSETCATALOG_COMPILER_APPICON_NAME = AppIcon;
				ASSETCATALOG_COMPILER_GLOBAL_ACCENT_COLOR_NAME = AccentColor;
				CODE_SIGN_STYLE = Automatic;
				CURRENT_PROJECT_VERSION = 1;
				DEVELOPMENT_TEAM = 7DM2UT7C8G;
				GENERATE_INFOPLIST_FILE = YES;
				INFOPLIST_FILE = MoneyBox/Info.plist;
				INFOPLIST_KEY_UIApplicationSupportsIndirectInputEvents = YES;
				INFOPLIST_KEY_UILaunchStoryboardName = LaunchScreen;
				INFOPLIST_KEY_UIMainStoryboardFile = "";
				INFOPLIST_KEY_UISupportedInterfaceOrientations_iPad = "UIInterfaceOrientationPortrait UIInterfaceOrientationPortraitUpsideDown UIInterfaceOrientationLandscapeLeft UIInterfaceOrientationLandscapeRight";
				INFOPLIST_KEY_UISupportedInterfaceOrientations_iPhone = "UIInterfaceOrientationPortrait UIInterfaceOrientationLandscapeLeft UIInterfaceOrientationLandscapeRight";
				IPHONEOS_DEPLOYMENT_TARGET = 13.0;
				LD_RUNPATH_SEARCH_PATHS = (
					"$(inherited)",
					"@executable_path/Frameworks",
				);
				MARKETING_VERSION = 1.0;
				PRODUCT_BUNDLE_IDENTIFIER = moneybox;
				PRODUCT_NAME = "$(TARGET_NAME)";
				SWIFT_EMIT_LOC_STRINGS = YES;
				SWIFT_VERSION = 5.0;
				TARGETED_DEVICE_FAMILY = 1;
			};
			name = Release;
		};
		B2CA46F62793508A0041B3A5 /* Debug */ = {
			isa = XCBuildConfiguration;
			buildSettings = {
				ALWAYS_EMBED_SWIFT_STANDARD_LIBRARIES = YES;
				BUNDLE_LOADER = "$(TEST_HOST)";
				CODE_SIGN_STYLE = Automatic;
				CURRENT_PROJECT_VERSION = 1;
				DEVELOPMENT_TEAM = 7DM2UT7C8G;
				GENERATE_INFOPLIST_FILE = YES;
				IPHONEOS_DEPLOYMENT_TARGET = 15.2;
				MARKETING_VERSION = 1.0;
				PRODUCT_BUNDLE_IDENTIFIER = kara.MoneyBoxTests;
				PRODUCT_NAME = "$(TARGET_NAME)";
				SWIFT_EMIT_LOC_STRINGS = NO;
				SWIFT_VERSION = 5.0;
				TARGETED_DEVICE_FAMILY = "1,2";
				TEST_HOST = "$(BUILT_PRODUCTS_DIR)/MoneyBox.app/MoneyBox";
			};
			name = Debug;
		};
		B2CA46F72793508A0041B3A5 /* Release */ = {
			isa = XCBuildConfiguration;
			buildSettings = {
				ALWAYS_EMBED_SWIFT_STANDARD_LIBRARIES = YES;
				BUNDLE_LOADER = "$(TEST_HOST)";
				CODE_SIGN_STYLE = Automatic;
				CURRENT_PROJECT_VERSION = 1;
				DEVELOPMENT_TEAM = 7DM2UT7C8G;
				GENERATE_INFOPLIST_FILE = YES;
				IPHONEOS_DEPLOYMENT_TARGET = 15.2;
				MARKETING_VERSION = 1.0;
				PRODUCT_BUNDLE_IDENTIFIER = kara.MoneyBoxTests;
				PRODUCT_NAME = "$(TARGET_NAME)";
				SWIFT_EMIT_LOC_STRINGS = NO;
				SWIFT_VERSION = 5.0;
				TARGETED_DEVICE_FAMILY = "1,2";
				TEST_HOST = "$(BUILT_PRODUCTS_DIR)/MoneyBox.app/MoneyBox";
			};
			name = Release;
		};
/* End XCBuildConfiguration section */

/* Begin XCConfigurationList section */
		B2CA46C3279350880041B3A5 /* Build configuration list for PBXProject "MoneyBox" */ = {
			isa = XCConfigurationList;
			buildConfigurations = (
				B2CA46F02793508A0041B3A5 /* Debug */,
				B2CA46F12793508A0041B3A5 /* Release */,
			);
			defaultConfigurationIsVisible = 0;
			defaultConfigurationName = Release;
		};
		B2CA46F22793508A0041B3A5 /* Build configuration list for PBXNativeTarget "MoneyBox" */ = {
			isa = XCConfigurationList;
			buildConfigurations = (
				B2CA46F32793508A0041B3A5 /* Debug */,
				B2CA46F42793508A0041B3A5 /* Release */,
			);
			defaultConfigurationIsVisible = 0;
			defaultConfigurationName = Release;
		};
		B2CA46F52793508A0041B3A5 /* Build configuration list for PBXNativeTarget "MoneyBoxTests" */ = {
			isa = XCConfigurationList;
			buildConfigurations = (
				B2CA46F62793508A0041B3A5 /* Debug */,
				B2CA46F72793508A0041B3A5 /* Release */,
			);
			defaultConfigurationIsVisible = 0;
			defaultConfigurationName = Release;
		};
/* End XCConfigurationList section */

/* Begin XCSwiftPackageProductDependency section */
		A5B3FA792ABC4A3500D27B69 /* Networking */ = {
			isa = XCSwiftPackageProductDependency;
			productName = Networking;
		};
		A5B3FA7B2ABC4A3500D27B69 /* MBUI */ = {
			isa = XCSwiftPackageProductDependency;
			productName = MBUI;
		};
/* End XCSwiftPackageProductDependency section */
	};
	rootObject = B2CA46C0279350880041B3A5 /* Project object */;
}
